// !$*UTF8*$!
{
	archiveVersion = 1;
	classes = {
	};
	objectVersion = 50;
	objects = {

/* Begin PBXBuildFile section */
		CD479A5E246A4A13007F91A0 /* Book.swift in Sources */ = {isa = PBXBuildFile; fileRef = CD479A5D246A4A13007F91A0 /* Book.swift */; };
		CD479A60246A4A42007F91A0 /* Author.swift in Sources */ = {isa = PBXBuildFile; fileRef = CD479A5F246A4A42007F91A0 /* Author.swift */; };
		CD479AAB246B88A3007F91A0 /* BookNetworkManager.swift in Sources */ = {isa = PBXBuildFile; fileRef = CD479AAA246B88A3007F91A0 /* BookNetworkManager.swift */; };
		CD479AAD246B88BB007F91A0 /* NMProtocol.swift in Sources */ = {isa = PBXBuildFile; fileRef = CD479AAC246B88BB007F91A0 /* NMProtocol.swift */; };
		CD479AAF246B89BF007F91A0 /* NMProperties.swift in Sources */ = {isa = PBXBuildFile; fileRef = CD479AAE246B89BF007F91A0 /* NMProperties.swift */; };
		CD479AB3246B8BC8007F91A0 /* MainMenuViewController.swift in Sources */ = {isa = PBXBuildFile; fileRef = CD479AB2246B8BC8007F91A0 /* MainMenuViewController.swift */; };
		CD479AB6246B8CAD007F91A0 /* MainView.swift in Sources */ = {isa = PBXBuildFile; fileRef = CD479AB5246B8CAD007F91A0 /* MainView.swift */; };
		CD479ABA246BD295007F91A0 /* LoginViewController.swift in Sources */ = {isa = PBXBuildFile; fileRef = CD479AB9246BD295007F91A0 /* LoginViewController.swift */; };
		CD479ABC246BD2FC007F91A0 /* LoginView.swift in Sources */ = {isa = PBXBuildFile; fileRef = CD479ABB246BD2FC007F91A0 /* LoginView.swift */; };
		CD479ABE246BE52C007F91A0 /* ResultsDataSource.swift in Sources */ = {isa = PBXBuildFile; fileRef = CD479ABD246BE52C007F91A0 /* ResultsDataSource.swift */; };
		CD479AC0246BE571007F91A0 /* ResultsViewModel.swift in Sources */ = {isa = PBXBuildFile; fileRef = CD479ABF246BE571007F91A0 /* ResultsViewModel.swift */; };
		CD479AC2246BFA25007F91A0 /* ResultsTableViewCell.swift in Sources */ = {isa = PBXBuildFile; fileRef = CD479AC1246BFA25007F91A0 /* ResultsTableViewCell.swift */; };
		CD479AC7246BFA80007F91A0 /* ResultsViewTableViewCell.swift in Sources */ = {isa = PBXBuildFile; fileRef = CD479AC6246BFA80007F91A0 /* ResultsViewTableViewCell.swift */; };
		CD479AC9246BFC30007F91A0 /* ResultsViewController.swift in Sources */ = {isa = PBXBuildFile; fileRef = CD479AC8246BFC30007F91A0 /* ResultsViewController.swift */; };
		CD479ACB246BFC6B007F91A0 /* ResultsView.swift in Sources */ = {isa = PBXBuildFile; fileRef = CD479ACA246BFC6B007F91A0 /* ResultsView.swift */; };
		CD4934632459EFB800E42E36 /* AppDelegate.swift in Sources */ = {isa = PBXBuildFile; fileRef = CD4934622459EFB800E42E36 /* AppDelegate.swift */; };
		CD4934652459EFB800E42E36 /* SceneDelegate.swift in Sources */ = {isa = PBXBuildFile; fileRef = CD4934642459EFB800E42E36 /* SceneDelegate.swift */; };
		CD4934672459EFB800E42E36 /* ContentView.swift in Sources */ = {isa = PBXBuildFile; fileRef = CD4934662459EFB800E42E36 /* ContentView.swift */; };
		CD4934692459EFBC00E42E36 /* Assets.xcassets in Resources */ = {isa = PBXBuildFile; fileRef = CD4934682459EFBC00E42E36 /* Assets.xcassets */; };
		CD49346C2459EFBC00E42E36 /* Preview Assets.xcassets in Resources */ = {isa = PBXBuildFile; fileRef = CD49346B2459EFBC00E42E36 /* Preview Assets.xcassets */; };
		CD49346F2459EFBC00E42E36 /* LaunchScreen.storyboard in Resources */ = {isa = PBXBuildFile; fileRef = CD49346D2459EFBC00E42E36 /* LaunchScreen.storyboard */; };
		CDB3DBAA246BFEBB00D2D21C /* ResultsViewConstraints.swift in Sources */ = {isa = PBXBuildFile; fileRef = CDB3DBA9246BFEBB00D2D21C /* ResultsViewConstraints.swift */; };
		CDB3DBAF246E4DE500D2D21C /* ResultsDataSource2.swift in Sources */ = {isa = PBXBuildFile; fileRef = CDB3DBAE246E4DE500D2D21C /* ResultsDataSource2.swift */; };
/* End PBXBuildFile section */

/* Begin PBXFileReference section */
		CD479A5D246A4A13007F91A0 /* Book.swift */ = {isa = PBXFileReference; lastKnownFileType = sourcecode.swift; path = Book.swift; sourceTree = "<group>"; };
		CD479A5F246A4A42007F91A0 /* Author.swift */ = {isa = PBXFileReference; lastKnownFileType = sourcecode.swift; path = Author.swift; sourceTree = "<group>"; };
		CD479AAA246B88A3007F91A0 /* BookNetworkManager.swift */ = {isa = PBXFileReference; lastKnownFileType = sourcecode.swift; path = BookNetworkManager.swift; sourceTree = "<group>"; };
		CD479AAC246B88BB007F91A0 /* NMProtocol.swift */ = {isa = PBXFileReference; lastKnownFileType = sourcecode.swift; path = NMProtocol.swift; sourceTree = "<group>"; };
		CD479AAE246B89BF007F91A0 /* NMProperties.swift */ = {isa = PBXFileReference; lastKnownFileType = sourcecode.swift; path = NMProperties.swift; sourceTree = "<group>"; };
		CD479AB2246B8BC8007F91A0 /* MainMenuViewController.swift */ = {isa = PBXFileReference; lastKnownFileType = sourcecode.swift; path = MainMenuViewController.swift; sourceTree = "<group>"; };
		CD479AB5246B8CAD007F91A0 /* MainView.swift */ = {isa = PBXFileReference; lastKnownFileType = sourcecode.swift; path = MainView.swift; sourceTree = "<group>"; };
		CD479AB9246BD295007F91A0 /* LoginViewController.swift */ = {isa = PBXFileReference; lastKnownFileType = sourcecode.swift; path = LoginViewController.swift; sourceTree = "<group>"; };
		CD479ABB246BD2FC007F91A0 /* LoginView.swift */ = {isa = PBXFileReference; lastKnownFileType = sourcecode.swift; path = LoginView.swift; sourceTree = "<group>"; };
		CD479ABD246BE52C007F91A0 /* ResultsDataSource.swift */ = {isa = PBXFileReference; lastKnownFileType = sourcecode.swift; path = ResultsDataSource.swift; sourceTree = "<group>"; };
		CD479ABF246BE571007F91A0 /* ResultsViewModel.swift */ = {isa = PBXFileReference; lastKnownFileType = sourcecode.swift; path = ResultsViewModel.swift; sourceTree = "<group>"; };
		CD479AC1246BFA25007F91A0 /* ResultsTableViewCell.swift */ = {isa = PBXFileReference; lastKnownFileType = sourcecode.swift; path = ResultsTableViewCell.swift; sourceTree = "<group>"; };
		CD479AC6246BFA80007F91A0 /* ResultsViewTableViewCell.swift */ = {isa = PBXFileReference; lastKnownFileType = sourcecode.swift; path = ResultsViewTableViewCell.swift; sourceTree = "<group>"; };
		CD479AC8246BFC30007F91A0 /* ResultsViewController.swift */ = {isa = PBXFileReference; lastKnownFileType = sourcecode.swift; path = ResultsViewController.swift; sourceTree = "<group>"; };
		CD479ACA246BFC6B007F91A0 /* ResultsView.swift */ = {isa = PBXFileReference; lastKnownFileType = sourcecode.swift; path = ResultsView.swift; sourceTree = "<group>"; };
		CD49345F2459EFB800E42E36 /* BeenDer.app */ = {isa = PBXFileReference; explicitFileType = wrapper.application; includeInIndex = 0; path = BeenDer.app; sourceTree = BUILT_PRODUCTS_DIR; };
		CD4934622459EFB800E42E36 /* AppDelegate.swift */ = {isa = PBXFileReference; lastKnownFileType = sourcecode.swift; path = AppDelegate.swift; sourceTree = "<group>"; };
		CD4934642459EFB800E42E36 /* SceneDelegate.swift */ = {isa = PBXFileReference; lastKnownFileType = sourcecode.swift; path = SceneDelegate.swift; sourceTree = "<group>"; };
		CD4934662459EFB800E42E36 /* ContentView.swift */ = {isa = PBXFileReference; lastKnownFileType = sourcecode.swift; path = ContentView.swift; sourceTree = "<group>"; };
		CD4934682459EFBC00E42E36 /* Assets.xcassets */ = {isa = PBXFileReference; lastKnownFileType = folder.assetcatalog; path = Assets.xcassets; sourceTree = "<group>"; };
		CD49346B2459EFBC00E42E36 /* Preview Assets.xcassets */ = {isa = PBXFileReference; lastKnownFileType = folder.assetcatalog; path = "Preview Assets.xcassets"; sourceTree = "<group>"; };
		CD49346E2459EFBC00E42E36 /* Base */ = {isa = PBXFileReference; lastKnownFileType = file.storyboard; name = Base; path = Base.lproj/LaunchScreen.storyboard; sourceTree = "<group>"; };
		CD4934702459EFBC00E42E36 /* Info.plist */ = {isa = PBXFileReference; lastKnownFileType = text.plist.xml; path = Info.plist; sourceTree = "<group>"; };
		CDB3DBA9246BFEBB00D2D21C /* ResultsViewConstraints.swift */ = {isa = PBXFileReference; lastKnownFileType = sourcecode.swift; path = ResultsViewConstraints.swift; sourceTree = "<group>"; };
		CDB3DBAD246C683700D2D21C /* Notes.md */ = {isa = PBXFileReference; lastKnownFileType = net.daringfireball.markdown; path = Notes.md; sourceTree = "<group>"; };
		CDB3DBAE246E4DE500D2D21C /* ResultsDataSource2.swift */ = {isa = PBXFileReference; lastKnownFileType = sourcecode.swift; path = ResultsDataSource2.swift; sourceTree = "<group>"; };
/* End PBXFileReference section */

/* Begin PBXFrameworksBuildPhase section */
		CD49345C2459EFB800E42E36 /* Frameworks */ = {
			isa = PBXFrameworksBuildPhase;
			buildActionMask = 2147483647;
			files = (
			);
			runOnlyForDeploymentPostprocessing = 0;
		};
/* End PBXFrameworksBuildPhase section */

/* Begin PBXGroup section */
		CD479A5C246A49FA007F91A0 /* Model */ = {
			isa = PBXGroup;
			children = (
				CD479A5D246A4A13007F91A0 /* Book.swift */,
				CD479A5F246A4A42007F91A0 /* Author.swift */,
				CDB3DBAE246E4DE500D2D21C /* ResultsDataSource2.swift */,
				CD479ABD246BE52C007F91A0 /* ResultsDataSource.swift */,
			);
			path = Model;
			sourceTree = "<group>";
		};
		CD479AA9246B8881007F91A0 /* NetworkManager */ = {
			isa = PBXGroup;
			children = (
				CD479AAA246B88A3007F91A0 /* BookNetworkManager.swift */,
				CD479AAC246B88BB007F91A0 /* NMProtocol.swift */,
				CD479AAE246B89BF007F91A0 /* NMProperties.swift */,
			);
			path = NetworkManager;
			sourceTree = "<group>";
		};
		CD479AB0246B8B37007F91A0 /* ViewModel */ = {
			isa = PBXGroup;
			children = (
				CD479ABF246BE571007F91A0 /* ResultsViewModel.swift */,
			);
			path = ViewModel;
			sourceTree = "<group>";
		};
		CD479AB1246B8B88007F91A0 /* Controllers */ = {
			isa = PBXGroup;
			children = (
				CD479AB2246B8BC8007F91A0 /* MainMenuViewController.swift */,
				CD479AB9246BD295007F91A0 /* LoginViewController.swift */,
				CD479AC8246BFC30007F91A0 /* ResultsViewController.swift */,
			);
			path = Controllers;
			sourceTree = "<group>";
		};
		CD479AB4246B8C9C007F91A0 /* View */ = {
			isa = PBXGroup;
			children = (
				CD479AB5246B8CAD007F91A0 /* MainView.swift */,
				CD479ACA246BFC6B007F91A0 /* ResultsView.swift */,
				CD479AC1246BFA25007F91A0 /* ResultsTableViewCell.swift */,
				CD479ABB246BD2FC007F91A0 /* LoginView.swift */,
			);
			path = View;
			sourceTree = "<group>";
		};
		CD479AC3246BFA4D007F91A0 /* Extensions */ = {
			isa = PBXGroup;
			children = (
				CD479AC4246BFA5B007F91A0 /* Constraints */,
			);
			path = Extensions;
			sourceTree = "<group>";
		};
		CD479AC4246BFA5B007F91A0 /* Constraints */ = {
			isa = PBXGroup;
			children = (
				CD479AC5246BFA65007F91A0 /* ViewConstraints */,
			);
			path = Constraints;
			sourceTree = "<group>";
		};
		CD479AC5246BFA65007F91A0 /* ViewConstraints */ = {
			isa = PBXGroup;
			children = (
				CD479AC6246BFA80007F91A0 /* ResultsViewTableViewCell.swift */,
				CDB3DBA9246BFEBB00D2D21C /* ResultsViewConstraints.swift */,
			);
			path = ViewConstraints;
			sourceTree = "<group>";
		};
		CD4934562459EFB800E42E36 = {
			isa = PBXGroup;
			children = (
				CDB3DBAD246C683700D2D21C /* Notes.md */,
				CD4934612459EFB800E42E36 /* BeenDer */,
				CD4934602459EFB800E42E36 /* Products */,
			);
			sourceTree = "<group>";
		};
		CD4934602459EFB800E42E36 /* Products */ = {
			isa = PBXGroup;
			children = (
				CD49345F2459EFB800E42E36 /* BeenDer.app */,
			);
			name = Products;
			sourceTree = "<group>";
		};
		CD4934612459EFB800E42E36 /* BeenDer */ = {
			isa = PBXGroup;
			children = (
				CD479AC3246BFA4D007F91A0 /* Extensions */,
				CD479AB4246B8C9C007F91A0 /* View */,
				CD479AB1246B8B88007F91A0 /* Controllers */,
				CD479AB0246B8B37007F91A0 /* ViewModel */,
				CD479AA9246B8881007F91A0 /* NetworkManager */,
				CD479A5C246A49FA007F91A0 /* Model */,
				CD4934622459EFB800E42E36 /* AppDelegate.swift */,
				CD4934642459EFB800E42E36 /* SceneDelegate.swift */,
				CD4934662459EFB800E42E36 /* ContentView.swift */,
				CD4934682459EFBC00E42E36 /* Assets.xcassets */,
				CD49346D2459EFBC00E42E36 /* LaunchScreen.storyboard */,
				CD4934702459EFBC00E42E36 /* Info.plist */,
				CD49346A2459EFBC00E42E36 /* Preview Content */,
			);
			path = BeenDer;
			sourceTree = "<group>";
		};
		CD49346A2459EFBC00E42E36 /* Preview Content */ = {
			isa = PBXGroup;
			children = (
				CD49346B2459EFBC00E42E36 /* Preview Assets.xcassets */,
			);
			path = "Preview Content";
			sourceTree = "<group>";
		};
/* End PBXGroup section */

/* Begin PBXNativeTarget section */
		CD49345E2459EFB800E42E36 /* BeenDer */ = {
			isa = PBXNativeTarget;
			buildConfigurationList = CD4934732459EFBC00E42E36 /* Build configuration list for PBXNativeTarget "BeenDer" */;
			buildPhases = (
				CD49345B2459EFB800E42E36 /* Sources */,
				CD49345C2459EFB800E42E36 /* Frameworks */,
				CD49345D2459EFB800E42E36 /* Resources */,
			);
			buildRules = (
			);
			dependencies = (
			);
			name = BeenDer;
			productName = BeenDer;
			productReference = CD49345F2459EFB800E42E36 /* BeenDer.app */;
			productType = "com.apple.product-type.application";
		};
/* End PBXNativeTarget section */

/* Begin PBXProject section */
		CD4934572459EFB800E42E36 /* Project object */ = {
			isa = PBXProject;
			attributes = {
				LastSwiftUpdateCheck = 1130;
				LastUpgradeCheck = 1130;
				ORGANIZATIONNAME = "MattHew Phraxayavong";
				TargetAttributes = {
					CD49345E2459EFB800E42E36 = {
						CreatedOnToolsVersion = 11.3.1;
					};
				};
			};
			buildConfigurationList = CD49345A2459EFB800E42E36 /* Build configuration list for PBXProject "BeenDer" */;
			compatibilityVersion = "Xcode 9.3";
			developmentRegion = en;
			hasScannedForEncodings = 0;
			knownRegions = (
				en,
				Base,
			);
			mainGroup = CD4934562459EFB800E42E36;
			productRefGroup = CD4934602459EFB800E42E36 /* Products */;
			projectDirPath = "";
			projectRoot = "";
			targets = (
				CD49345E2459EFB800E42E36 /* BeenDer */,
			);
		};
/* End PBXProject section */

/* Begin PBXResourcesBuildPhase section */
		CD49345D2459EFB800E42E36 /* Resources */ = {
			isa = PBXResourcesBuildPhase;
			buildActionMask = 2147483647;
			files = (
				CD49346F2459EFBC00E42E36 /* LaunchScreen.storyboard in Resources */,
				CD49346C2459EFBC00E42E36 /* Preview Assets.xcassets in Resources */,
				CD4934692459EFBC00E42E36 /* Assets.xcassets in Resources */,
			);
			runOnlyForDeploymentPostprocessing = 0;
		};
/* End PBXResourcesBuildPhase section */

/* Begin PBXSourcesBuildPhase section */
		CD49345B2459EFB800E42E36 /* Sources */ = {
			isa = PBXSourcesBuildPhase;
			buildActionMask = 2147483647;
			files = (
				CD479A5E246A4A13007F91A0 /* Book.swift in Sources */,
				CD479ACB246BFC6B007F91A0 /* ResultsView.swift in Sources */,
				CD479AC0246BE571007F91A0 /* ResultsViewModel.swift in Sources */,
				CD4934632459EFB800E42E36 /* AppDelegate.swift in Sources */,
				CD479AAD246B88BB007F91A0 /* NMProtocol.swift in Sources */,
				CD479AB6246B8CAD007F91A0 /* MainView.swift in Sources */,
				CD4934652459EFB800E42E36 /* SceneDelegate.swift in Sources */,
				CD4934672459EFB800E42E36 /* ContentView.swift in Sources */,
				CD479AC9246BFC30007F91A0 /* ResultsViewController.swift in Sources */,
				CD479ABC246BD2FC007F91A0 /* LoginView.swift in Sources */,
				CDB3DBAF246E4DE500D2D21C /* ResultsDataSource2.swift in Sources */,
				CD479AAF246B89BF007F91A0 /* NMProperties.swift in Sources */,
				CD479AC7246BFA80007F91A0 /* ResultsViewTableViewCell.swift in Sources */,
				CD479ABE246BE52C007F91A0 /* ResultsDataSource.swift in Sources */,
				CD479AB3246B8BC8007F91A0 /* MainMenuViewController.swift in Sources */,
				CD479A60246A4A42007F91A0 /* Author.swift in Sources */,
				CDB3DBAA246BFEBB00D2D21C /* ResultsViewConstraints.swift in Sources */,
				CD479AAB246B88A3007F91A0 /* BookNetworkManager.swift in Sources */,
				CD479ABA246BD295007F91A0 /* LoginViewController.swift in Sources */,
				CD479AC2246BFA25007F91A0 /* ResultsTableViewCell.swift in Sources */,
			);
			runOnlyForDeploymentPostprocessing = 0;
		};
/* End PBXSourcesBuildPhase section */

/* Begin PBXVariantGroup section */
		CD49346D2459EFBC00E42E36 /* LaunchScreen.storyboard */ = {
			isa = PBXVariantGroup;
			children = (
				CD49346E2459EFBC00E42E36 /* Base */,
			);
			name = LaunchScreen.storyboard;
			sourceTree = "<group>";
		};
/* End PBXVariantGroup section */

/* Begin XCBuildConfiguration section */
		CD4934712459EFBC00E42E36 /* Debug */ = {
			isa = XCBuildConfiguration;
			buildSettings = {
				ALWAYS_SEARCH_USER_PATHS = NO;
				CLANG_ANALYZER_NONNULL = YES;
				CLANG_ANALYZER_NUMBER_OBJECT_CONVERSION = YES_AGGRESSIVE;
				CLANG_CXX_LANGUAGE_STANDARD = "gnu++14";
				CLANG_CXX_LIBRARY = "libc++";
				CLANG_ENABLE_MODULES = YES;
				CLANG_ENABLE_OBJC_ARC = YES;
				CLANG_ENABLE_OBJC_WEAK = YES;
				CLANG_WARN_BLOCK_CAPTURE_AUTORELEASING = YES;
				CLANG_WARN_BOOL_CONVERSION = YES;
				CLANG_WARN_COMMA = YES;
				CLANG_WARN_CONSTANT_CONVERSION = YES;
				CLANG_WARN_DEPRECATED_OBJC_IMPLEMENTATIONS = YES;
				CLANG_WARN_DIRECT_OBJC_ISA_USAGE = YES_ERROR;
				CLANG_WARN_DOCUMENTATION_COMMENTS = YES;
				CLANG_WARN_EMPTY_BODY = YES;
				CLANG_WARN_ENUM_CONVERSION = YES;
				CLANG_WARN_INFINITE_RECURSION = YES;
				CLANG_WARN_INT_CONVERSION = YES;
				CLANG_WARN_NON_LITERAL_NULL_CONVERSION = YES;
				CLANG_WARN_OBJC_IMPLICIT_RETAIN_SELF = YES;
				CLANG_WARN_OBJC_LITERAL_CONVERSION = YES;
				CLANG_WARN_OBJC_ROOT_CLASS = YES_ERROR;
				CLANG_WARN_RANGE_LOOP_ANALYSIS = YES;
				CLANG_WARN_STRICT_PROTOTYPES = YES;
				CLANG_WARN_SUSPICIOUS_MOVE = YES;
				CLANG_WARN_UNGUARDED_AVAILABILITY = YES_AGGRESSIVE;
				CLANG_WARN_UNREACHABLE_CODE = YES;
				CLANG_WARN__DUPLICATE_METHOD_MATCH = YES;
				COPY_PHASE_STRIP = NO;
				DEBUG_INFORMATION_FORMAT = dwarf;
				ENABLE_STRICT_OBJC_MSGSEND = YES;
				ENABLE_TESTABILITY = YES;
				GCC_C_LANGUAGE_STANDARD = gnu11;
				GCC_DYNAMIC_NO_PIC = NO;
				GCC_NO_COMMON_BLOCKS = YES;
				GCC_OPTIMIZATION_LEVEL = 0;
				GCC_PREPROCESSOR_DEFINITIONS = (
					"DEBUG=1",
					"$(inherited)",
				);
				GCC_WARN_64_TO_32_BIT_CONVERSION = YES;
				GCC_WARN_ABOUT_RETURN_TYPE = YES_ERROR;
				GCC_WARN_UNDECLARED_SELECTOR = YES;
				GCC_WARN_UNINITIALIZED_AUTOS = YES_AGGRESSIVE;
				GCC_WARN_UNUSED_FUNCTION = YES;
				GCC_WARN_UNUSED_VARIABLE = YES;
				IPHONEOS_DEPLOYMENT_TARGET = 13.2;
				MTL_ENABLE_DEBUG_INFO = INCLUDE_SOURCE;
				MTL_FAST_MATH = YES;
				ONLY_ACTIVE_ARCH = YES;
				SDKROOT = iphoneos;
				SWIFT_ACTIVE_COMPILATION_CONDITIONS = DEBUG;
				SWIFT_OPTIMIZATION_LEVEL = "-Onone";
			};
			name = Debug;
		};
		CD4934722459EFBC00E42E36 /* Release */ = {
			isa = XCBuildConfiguration;
			buildSettings = {
				ALWAYS_SEARCH_USER_PATHS = NO;
				CLANG_ANALYZER_NONNULL = YES;
				CLANG_ANALYZER_NUMBER_OBJECT_CONVERSION = YES_AGGRESSIVE;
				CLANG_CXX_LANGUAGE_STANDARD = "gnu++14";
				CLANG_CXX_LIBRARY = "libc++";
				CLANG_ENABLE_MODULES = YES;
				CLANG_ENABLE_OBJC_ARC = YES;
				CLANG_ENABLE_OBJC_WEAK = YES;
				CLANG_WARN_BLOCK_CAPTURE_AUTORELEASING = YES;
				CLANG_WARN_BOOL_CONVERSION = YES;
				CLANG_WARN_COMMA = YES;
				CLANG_WARN_CONSTANT_CONVERSION = YES;
				CLANG_WARN_DEPRECATED_OBJC_IMPLEMENTATIONS = YES;
				CLANG_WARN_DIRECT_OBJC_ISA_USAGE = YES_ERROR;
				CLANG_WARN_DOCUMENTATION_COMMENTS = YES;
				CLANG_WARN_EMPTY_BODY = YES;
				CLANG_WARN_ENUM_CONVERSION = YES;
				CLANG_WARN_INFINITE_RECURSION = YES;
				CLANG_WARN_INT_CONVERSION = YES;
				CLANG_WARN_NON_LITERAL_NULL_CONVERSION = YES;
				CLANG_WARN_OBJC_IMPLICIT_RETAIN_SELF = YES;
				CLANG_WARN_OBJC_LITERAL_CONVERSION = YES;
				CLANG_WARN_OBJC_ROOT_CLASS = YES_ERROR;
				CLANG_WARN_RANGE_LOOP_ANALYSIS = YES;
				CLANG_WARN_STRICT_PROTOTYPES = YES;
				CLANG_WARN_SUSPICIOUS_MOVE = YES;
				CLANG_WARN_UNGUARDED_AVAILABILITY = YES_AGGRESSIVE;
				CLANG_WARN_UNREACHABLE_CODE = YES;
				CLANG_WARN__DUPLICATE_METHOD_MATCH = YES;
				COPY_PHASE_STRIP = NO;
				DEBUG_INFORMATION_FORMAT = "dwarf-with-dsym";
				ENABLE_NS_ASSERTIONS = NO;
				ENABLE_STRICT_OBJC_MSGSEND = YES;
				GCC_C_LANGUAGE_STANDARD = gnu11;
				GCC_NO_COMMON_BLOCKS = YES;
				GCC_WARN_64_TO_32_BIT_CONVERSION = YES;
				GCC_WARN_ABOUT_RETURN_TYPE = YES_ERROR;
				GCC_WARN_UNDECLARED_SELECTOR = YES;
				GCC_WARN_UNINITIALIZED_AUTOS = YES_AGGRESSIVE;
				GCC_WARN_UNUSED_FUNCTION = YES;
				GCC_WARN_UNUSED_VARIABLE = YES;
				IPHONEOS_DEPLOYMENT_TARGET = 13.2;
				MTL_ENABLE_DEBUG_INFO = NO;
				MTL_FAST_MATH = YES;
				SDKROOT = iphoneos;
				SWIFT_COMPILATION_MODE = wholemodule;
				SWIFT_OPTIMIZATION_LEVEL = "-O";
				VALIDATE_PRODUCT = YES;
			};
			name = Release;
		};
		CD4934742459EFBC00E42E36 /* Debug */ = {
			isa = XCBuildConfiguration;
			buildSettings = {
				ASSETCATALOG_COMPILER_APPICON_NAME = AppIcon;
				CODE_SIGN_STYLE = Automatic;
				DEVELOPMENT_ASSET_PATHS = "\"BeenDer/Preview Content\"";
				DEVELOPMENT_TEAM = P2956JDDUT;
				ENABLE_PREVIEWS = YES;
				INFOPLIST_FILE = BeenDer/Info.plist;
				LD_RUNPATH_SEARCH_PATHS = (
					"$(inherited)",
					"@executable_path/Frameworks",
				);
				PRODUCT_BUNDLE_IDENTIFIER = com.phraxaya.BeenDer;
				PRODUCT_NAME = "$(TARGET_NAME)";
				SWIFT_VERSION = 5.0;
				TARGETED_DEVICE_FAMILY = "1,2";
			};
			name = Debug;
		};
		CD4934752459EFBC00E42E36 /* Release */ = {
			isa = XCBuildConfiguration;
			buildSettings = {
				ASSETCATALOG_COMPILER_APPICON_NAME = AppIcon;
				CODE_SIGN_STYLE = Automatic;
				DEVELOPMENT_ASSET_PATHS = "\"BeenDer/Preview Content\"";
				DEVELOPMENT_TEAM = P2956JDDUT;
				ENABLE_PREVIEWS = YES;
				INFOPLIST_FILE = BeenDer/Info.plist;
				LD_RUNPATH_SEARCH_PATHS = (
					"$(inherited)",
					"@executable_path/Frameworks",
				);
				PRODUCT_BUNDLE_IDENTIFIER = com.phraxaya.BeenDer;
				PRODUCT_NAME = "$(TARGET_NAME)";
				SWIFT_VERSION = 5.0;
				TARGETED_DEVICE_FAMILY = "1,2";
			};
			name = Release;
		};
/* End XCBuildConfiguration section */

/* Begin XCConfigurationList section */
		CD49345A2459EFB800E42E36 /* Build configuration list for PBXProject "BeenDer" */ = {
			isa = XCConfigurationList;
			buildConfigurations = (
				CD4934712459EFBC00E42E36 /* Debug */,
				CD4934722459EFBC00E42E36 /* Release */,
			);
			defaultConfigurationIsVisible = 0;
			defaultConfigurationName = Release;
		};
		CD4934732459EFBC00E42E36 /* Build configuration list for PBXNativeTarget "BeenDer" */ = {
			isa = XCConfigurationList;
			buildConfigurations = (
				CD4934742459EFBC00E42E36 /* Debug */,
				CD4934752459EFBC00E42E36 /* Release */,
			);
			defaultConfigurationIsVisible = 0;
			defaultConfigurationName = Release;
		};
/* End XCConfigurationList section */
	};
	rootObject = CD4934572459EFB800E42E36 /* Project object */;
}
